
Microsoft Visual Studio Solution File, Format Version 12.00
# Visual Studio 15
VisualStudioVersion = 15.0.26430.12
MinimumVisualStudioVersion = 10.0.40219.1
Project("{2150E333-8FDC-42A3-9474-1A3956D46DE8}") = "src", "src", "{FDD81516-B5F4-4BC4-A0A6-BC81F67982FE}"
EndProject
Project("{2150E333-8FDC-42A3-9474-1A3956D46DE8}") = "Solution Items", "Solution Items", "{52B062DF-D502-4B87-BCA9-4B284AAF574D}"
	ProjectSection(SolutionItems) = preProject
		src\Dockerfile = src\Dockerfile
		DockerIt.md = DockerIt.md
		src\pyprflow\EFcommands.md = src\pyprflow\EFcommands.md
		Piperflow.md = Piperflow.md
		ReadMe.md = ReadMe.md
	EndProjectSection
EndProject
Project("{9A19103F-16F7-4668-BE54-9A1E7A4F7556}") = "pyprflow", "src\pyprflow\pyprflow.csproj", "{D3BFED65-EB99-4B26-AB3D-FD8903516759}"
EndProject
Project("{9A19103F-16F7-4668-BE54-9A1E7A4F7556}") = "pyprflow.Database", "src\pyprflow.Database\pyprflow.Database.csproj", "{C3581EC1-B906-45D5-AA06-79F23C411E27}"
EndProject
Project("{9A19103F-16F7-4668-BE54-9A1E7A4F7556}") = "pyprflow.Database.Entity", "src\pyprflow.Database.Entity\pyprflow.Database.Entity.csproj", "{D4531030-743B-4FB3-B2B6-835A63A89040}"
EndProject
Project("{9A19103F-16F7-4668-BE54-9A1E7A4F7556}") = "DummyDB", "src\DummyDB\DummyDB.csproj", "{D40AA0D8-8974-49C0-B0A1-D3A2571AA818}"
EndProject
Project("{FAE04EC0-301F-11D3-BF4B-00C04F79EFBC}") = "TestAPI", "src\TestAPI\TestAPI.csproj", "{7C73142E-EB8C-4DFE-8B35-17ED44509642}"
EndProject
Global
	GlobalSection(SolutionConfigurationPlatforms) = preSolution
		Debug|Any CPU = Debug|Any CPU
		Release|Any CPU = Release|Any CPU
	EndGlobalSection
	GlobalSection(ProjectConfigurationPlatforms) = postSolution
		{D3BFED65-EB99-4B26-AB3D-FD8903516759}.Debug|Any CPU.ActiveCfg = Debug|Any CPU
		{D3BFED65-EB99-4B26-AB3D-FD8903516759}.Debug|Any CPU.Build.0 = Debug|Any CPU
		{D3BFED65-EB99-4B26-AB3D-FD8903516759}.Release|Any CPU.ActiveCfg = Release|Any CPU
		{D3BFED65-EB99-4B26-AB3D-FD8903516759}.Release|Any CPU.Build.0 = Release|Any CPU
		{C3581EC1-B906-45D5-AA06-79F23C411E27}.Debug|Any CPU.ActiveCfg = Debug|Any CPU
		{C3581EC1-B906-45D5-AA06-79F23C411E27}.Debug|Any CPU.Build.0 = Debug|Any CPU
		{C3581EC1-B906-45D5-AA06-79F23C411E27}.Release|Any CPU.ActiveCfg = Release|Any CPU
		{C3581EC1-B906-45D5-AA06-79F23C411E27}.Release|Any CPU.Build.0 = Release|Any CPU
		{D4531030-743B-4FB3-B2B6-835A63A89040}.Debug|Any CPU.ActiveCfg = Debug|Any CPU
		{D4531030-743B-4FB3-B2B6-835A63A89040}.Debug|Any CPU.Build.0 = Debug|Any CPU
		{D4531030-743B-4FB3-B2B6-835A63A89040}.Release|Any CPU.ActiveCfg = Release|Any CPU
		{D4531030-743B-4FB3-B2B6-835A63A89040}.Release|Any CPU.Build.0 = Release|Any CPU
		{D40AA0D8-8974-49C0-B0A1-D3A2571AA818}.Debug|Any CPU.ActiveCfg = Debug|Any CPU
		{D40AA0D8-8974-49C0-B0A1-D3A2571AA818}.Debug|Any CPU.Build.0 = Debug|Any CPU
		{D40AA0D8-8974-49C0-B0A1-D3A2571AA818}.Release|Any CPU.ActiveCfg = Release|Any CPU
		{D40AA0D8-8974-49C0-B0A1-D3A2571AA818}.Release|Any CPU.Build.0 = Release|Any CPU
		{7C73142E-EB8C-4DFE-8B35-17ED44509642}.Debug|Any CPU.ActiveCfg = Debug|Any CPU
		{7C73142E-EB8C-4DFE-8B35-17ED44509642}.Debug|Any CPU.Build.0 = Debug|Any CPU
		{7C73142E-EB8C-4DFE-8B35-17ED44509642}.Release|Any CPU.ActiveCfg = Release|Any CPU
		{7C73142E-EB8C-4DFE-8B35-17ED44509642}.Release|Any CPU.Build.0 = Release|Any CPU
	EndGlobalSection
	GlobalSection(SolutionProperties) = preSolution
		HideSolutionNode = FALSE
	EndGlobalSection
	GlobalSection(NestedProjects) = preSolution
		{D3BFED65-EB99-4B26-AB3D-FD8903516759} = {FDD81516-B5F4-4BC4-A0A6-BC81F67982FE}
		{C3581EC1-B906-45D5-AA06-79F23C411E27} = {FDD81516-B5F4-4BC4-A0A6-BC81F67982FE}
		{D4531030-743B-4FB3-B2B6-835A63A89040} = {FDD81516-B5F4-4BC4-A0A6-BC81F67982FE}
		{D40AA0D8-8974-49C0-B0A1-D3A2571AA818} = {FDD81516-B5F4-4BC4-A0A6-BC81F67982FE}
		{7C73142E-EB8C-4DFE-8B35-17ED44509642} = {FDD81516-B5F4-4BC4-A0A6-BC81F67982FE}
	EndGlobalSection
EndGlobal
